// !$*UTF8*$!
{
	archiveVersion = 1;
	classes = {
	};
	objectVersion = 77;
	objects = {

/* Begin PBXBuildFile section */
		E29B965E2D10BD1900FD806A /* README.md in Resources */ = {isa = PBXBuildFile; fileRef = E29B965D2D10BD1900FD806A /* README.md */; };
/* End PBXBuildFile section */

/* Begin PBXContainerItemProxy section */
		E2B724422D0E856600863B36 /* PBXContainerItemProxy */ = {
			isa = PBXContainerItemProxy;
			containerPortal = E2B724282D0E856500863B36 /* Project object */;
			proxyType = 1;
			remoteGlobalIDString = E2B7242F2D0E856500863B36;
			remoteInfo = FetchIOSApprenticeshipAssesment;
		};
		E2B7244C2D0E856700863B36 /* PBXContainerItemProxy */ = {
			isa = PBXContainerItemProxy;
			containerPortal = E2B724282D0E856500863B36 /* Project object */;
			proxyType = 1;
			remoteGlobalIDString = E2B7242F2D0E856500863B36;
			remoteInfo = FetchIOSApprenticeshipAssesment;
		};
/* End PBXContainerItemProxy section */

/* Begin PBXFileReference section */
		E29B965D2D10BD1900FD806A /* README.md */ = {isa = PBXFileReference; lastKnownFileType = net.daringfireball.markdown; path = README.md; sourceTree = "<group>"; };
		E2B724302D0E856500863B36 /* FetchIOSApprenticeshipAssesment.app */ = {isa = PBXFileReference; explicitFileType = wrapper.application; includeInIndex = 0; path = FetchIOSApprenticeshipAssesment.app; sourceTree = BUILT_PRODUCTS_DIR; };
		E2B724412D0E856600863B36 /* FetchIOSApprenticeshipAssesmentTests.xctest */ = {isa = PBXFileReference; explicitFileType = wrapper.cfbundle; includeInIndex = 0; path = FetchIOSApprenticeshipAssesmentTests.xctest; sourceTree = BUILT_PRODUCTS_DIR; };
		E2B7244B2D0E856700863B36 /* FetchIOSApprenticeshipAssesmentUITests.xctest */ = {isa = PBXFileReference; explicitFileType = wrapper.cfbundle; includeInIndex = 0; path = FetchIOSApprenticeshipAssesmentUITests.xctest; sourceTree = BUILT_PRODUCTS_DIR; };
/* End PBXFileReference section */

/* Begin PBXFileSystemSynchronizedRootGroup section */
		E2B724322D0E856500863B36 /* FetchIOSApprenticeshipAssesment */ = {
			isa = PBXFileSystemSynchronizedRootGroup;
			path = FetchIOSApprenticeshipAssesment;
			sourceTree = "<group>";
		};
		E2B724442D0E856600863B36 /* FetchIOSApprenticeshipAssesmentTests */ = {
			isa = PBXFileSystemSynchronizedRootGroup;
			path = FetchIOSApprenticeshipAssesmentTests;
			sourceTree = "<group>";
		};
		E2B7244E2D0E856700863B36 /* FetchIOSApprenticeshipAssesmentUITests */ = {
			isa = PBXFileSystemSynchronizedRootGroup;
			path = FetchIOSApprenticeshipAssesmentUITests;
			sourceTree = "<group>";
		};
/* End PBXFileSystemSynchronizedRootGroup section */

/* Begin PBXFrameworksBuildPhase section */
		E2B7242D2D0E856500863B36 /* Frameworks */ = {
			isa = PBXFrameworksBuildPhase;
			buildActionMask = 2147483647;
			files = (
			);
			runOnlyForDeploymentPostprocessing = 0;
		};
		E2B7243E2D0E856600863B36 /* Frameworks */ = {
			isa = PBXFrameworksBuildPhase;
			buildActionMask = 2147483647;
			files = (
			);
			runOnlyForDeploymentPostprocessing = 0;
		};
		E2B724482D0E856700863B36 /* Frameworks */ = {
			isa = PBXFrameworksBuildPhase;
			buildActionMask = 2147483647;
			files = (
			);
			runOnlyForDeploymentPostprocessing = 0;
		};
/* End PBXFrameworksBuildPhase section */

/* Begin PBXGroup section */
		E2B724272D0E856500863B36 = {
			isa = PBXGroup;
			children = (
				E29B965D2D10BD1900FD806A /* README.md */,
				E2B724322D0E856500863B36 /* FetchIOSApprenticeshipAssesment */,
				E2B724442D0E856600863B36 /* FetchIOSApprenticeshipAssesmentTests */,
				E2B7244E2D0E856700863B36 /* FetchIOSApprenticeshipAssesmentUITests */,
				E2B724312D0E856500863B36 /* Products */,
			);
			sourceTree = "<group>";
		};
		E2B724312D0E856500863B36 /* Products */ = {
			isa = PBXGroup;
			children = (
				E2B724302D0E856500863B36 /* FetchIOSApprenticeshipAssesment.app */,
				E2B724412D0E856600863B36 /* FetchIOSApprenticeshipAssesmentTests.xctest */,
				E2B7244B2D0E856700863B36 /* FetchIOSApprenticeshipAssesmentUITests.xctest */,
			);
			name = Products;
			sourceTree = "<group>";
		};
/* End PBXGroup section */

/* Begin PBXNativeTarget section */
		E2B7242F2D0E856500863B36 /* FetchIOSApprenticeshipAssesment */ = {
			isa = PBXNativeTarget;
			buildConfigurationList = E2B724552D0E856700863B36 /* Build configuration list for PBXNativeTarget "FetchIOSApprenticeshipAssesment" */;
			buildPhases = (
				E2B7242C2D0E856500863B36 /* Sources */,
				E2B7242D2D0E856500863B36 /* Frameworks */,
				E2B7242E2D0E856500863B36 /* Resources */,
			);
			buildRules = (
			);
			dependencies = (
			);
			fileSystemSynchronizedGroups = (
				E2B724322D0E856500863B36 /* FetchIOSApprenticeshipAssesment */,
			);
			name = FetchIOSApprenticeshipAssesment;
			packageProductDependencies = (
			);
			productName = FetchIOSApprenticeshipAssesment;
			productReference = E2B724302D0E856500863B36 /* FetchIOSApprenticeshipAssesment.app */;
			productType = "com.apple.product-type.application";
		};
		E2B724402D0E856600863B36 /* FetchIOSApprenticeshipAssesmentTests */ = {
			isa = PBXNativeTarget;
			buildConfigurationList = E2B724582D0E856700863B36 /* Build configuration list for PBXNativeTarget "FetchIOSApprenticeshipAssesmentTests" */;
			buildPhases = (
				E2B7243D2D0E856600863B36 /* Sources */,
				E2B7243E2D0E856600863B36 /* Frameworks */,
				E2B7243F2D0E856600863B36 /* Resources */,
			);
			buildRules = (
			);
			dependencies = (
				E2B724432D0E856600863B36 /* PBXTargetDependency */,
			);
			fileSystemSynchronizedGroups = (
				E2B724442D0E856600863B36 /* FetchIOSApprenticeshipAssesmentTests */,
			);
			name = FetchIOSApprenticeshipAssesmentTests;
			packageProductDependencies = (
			);
			productName = FetchIOSApprenticeshipAssesmentTests;
			productReference = E2B724412D0E856600863B36 /* FetchIOSApprenticeshipAssesmentTests.xctest */;
			productType = "com.apple.product-type.bundle.unit-test";
		};
		E2B7244A2D0E856700863B36 /* FetchIOSApprenticeshipAssesmentUITests */ = {
			isa = PBXNativeTarget;
			buildConfigurationList = E2B7245B2D0E856700863B36 /* Build configuration list for PBXNativeTarget "FetchIOSApprenticeshipAssesmentUITests" */;
			buildPhases = (
				E2B724472D0E856700863B36 /* Sources */,
				E2B724482D0E856700863B36 /* Frameworks */,
				E2B724492D0E856700863B36 /* Resources */,
			);
			buildRules = (
			);
			dependencies = (
				E2B7244D2D0E856700863B36 /* PBXTargetDependency */,
			);
			fileSystemSynchronizedGroups = (
				E2B7244E2D0E856700863B36 /* FetchIOSApprenticeshipAssesmentUITests */,
			);
			name = FetchIOSApprenticeshipAssesmentUITests;
			packageProductDependencies = (
			);
			productName = FetchIOSApprenticeshipAssesmentUITests;
			productReference = E2B7244B2D0E856700863B36 /* FetchIOSApprenticeshipAssesmentUITests.xctest */;
			productType = "com.apple.product-type.bundle.ui-testing";
		};
/* End PBXNativeTarget section */

/* Begin PBXProject section */
		E2B724282D0E856500863B36 /* Project object */ = {
			isa = PBXProject;
			attributes = {
				BuildIndependentTargetsInParallel = 1;
				LastSwiftUpdateCheck = 1600;
				LastUpgradeCheck = 1600;
				TargetAttributes = {
					E2B7242F2D0E856500863B36 = {
						CreatedOnToolsVersion = 16.0;
					};
					E2B724402D0E856600863B36 = {
						CreatedOnToolsVersion = 16.0;
						TestTargetID = E2B7242F2D0E856500863B36;
					};
					E2B7244A2D0E856700863B36 = {
						CreatedOnToolsVersion = 16.0;
						TestTargetID = E2B7242F2D0E856500863B36;
					};
				};
			};
			buildConfigurationList = E2B7242B2D0E856500863B36 /* Build configuration list for PBXProject "FetchIOSApprenticeshipAssesment" */;
			developmentRegion = en;
			hasScannedForEncodings = 0;
			knownRegions = (
				en,
				Base,
			);
			mainGroup = E2B724272D0E856500863B36;
			minimizedProjectReferenceProxies = 1;
			preferredProjectObjectVersion = 77;
			productRefGroup = E2B724312D0E856500863B36 /* Products */;
			projectDirPath = "";
			projectRoot = "";
			targets = (
				E2B7242F2D0E856500863B36 /* FetchIOSApprenticeshipAssesment */,
				E2B724402D0E856600863B36 /* FetchIOSApprenticeshipAssesmentTests */,
				E2B7244A2D0E856700863B36 /* FetchIOSApprenticeshipAssesmentUITests */,
			);
		};
/* End PBXProject section */

/* Begin PBXResourcesBuildPhase section */
		E2B7242E2D0E856500863B36 /* Resources */ = {
			isa = PBXResourcesBuildPhase;
			buildActionMask = 2147483647;
			files = (
				E29B965E2D10BD1900FD806A /* README.md in Resources */,
			);
			runOnlyForDeploymentPostprocessing = 0;
		};
		E2B7243F2D0E856600863B36 /* Resources */ = {
			isa = PBXResourcesBuildPhase;
			buildActionMask = 2147483647;
			files = (
			);
			runOnlyForDeploymentPostprocessing = 0;
		};
		E2B724492D0E856700863B36 /* Resources */ = {
			isa = PBXResourcesBuildPhase;
			buildActionMask = 2147483647;
			files = (
			);
			runOnlyForDeploymentPostprocessing = 0;
		};
/* End PBXResourcesBuildPhase section */

/* Begin PBXSourcesBuildPhase section */
		E2B7242C2D0E856500863B36 /* Sources */ = {
			isa = PBXSourcesBuildPhase;
			buildActionMask = 2147483647;
			files = (
			);
			runOnlyForDeploymentPostprocessing = 0;
		};
		E2B7243D2D0E856600863B36 /* Sources */ = {
			isa = PBXSourcesBuildPhase;
			buildActionMask = 2147483647;
			files = (
			);
			runOnlyForDeploymentPostprocessing = 0;
		};
		E2B724472D0E856700863B36 /* Sources */ = {
			isa = PBXSourcesBuildPhase;
			buildActionMask = 2147483647;
			files = (
			);
			runOnlyForDeploymentPostprocessing = 0;
		};
/* End PBXSourcesBuildPhase section */

/* Begin PBXTargetDependency section */
		E2B724432D0E856600863B36 /* PBXTargetDependency */ = {
			isa = PBXTargetDependency;
			target = E2B7242F2D0E856500863B36 /* FetchIOSApprenticeshipAssesment */;
			targetProxy = E2B724422D0E856600863B36 /* PBXContainerItemProxy */;
		};
		E2B7244D2D0E856700863B36 /* PBXTargetDependency */ = {
			isa = PBXTargetDependency;
			target = E2B7242F2D0E856500863B36 /* FetchIOSApprenticeshipAssesment */;
			targetProxy = E2B7244C2D0E856700863B36 /* PBXContainerItemProxy */;
		};
/* End PBXTargetDependency section */

/* Begin XCBuildConfiguration section */
		E2B724532D0E856700863B36 /* Debug */ = {
			isa = XCBuildConfiguration;
			buildSettings = {
				ALWAYS_SEARCH_USER_PATHS = NO;
				ASSETCATALOG_COMPILER_GENERATE_SWIFT_ASSET_SYMBOL_EXTENSIONS = YES;
				CLANG_ANALYZER_NONNULL = YES;
				CLANG_ANALYZER_NUMBER_OBJECT_CONVERSION = YES_AGGRESSIVE;
				CLANG_CXX_LANGUAGE_STANDARD = "gnu++20";
				CLANG_ENABLE_MODULES = YES;
				CLANG_ENABLE_OBJC_ARC = YES;
				CLANG_ENABLE_OBJC_WEAK = YES;
				CLANG_WARN_BLOCK_CAPTURE_AUTORELEASING = YES;
				CLANG_WARN_BOOL_CONVERSION = YES;
				CLANG_WARN_COMMA = YES;
				CLANG_WARN_CONSTANT_CONVERSION = YES;
				CLANG_WARN_DEPRECATED_OBJC_IMPLEMENTATIONS = YES;
				CLANG_WARN_DIRECT_OBJC_ISA_USAGE = YES_ERROR;
				CLANG_WARN_DOCUMENTATION_COMMENTS = YES;
				CLANG_WARN_EMPTY_BODY = YES;
				CLANG_WARN_ENUM_CONVERSION = YES;
				CLANG_WARN_INFINITE_RECURSION = YES;
				CLANG_WARN_INT_CONVERSION = YES;
				CLANG_WARN_NON_LITERAL_NULL_CONVERSION = YES;
				CLANG_WARN_OBJC_IMPLICIT_RETAIN_SELF = YES;
				CLANG_WARN_OBJC_LITERAL_CONVERSION = YES;
				CLANG_WARN_OBJC_ROOT_CLASS = YES_ERROR;
				CLANG_WARN_QUOTED_INCLUDE_IN_FRAMEWORK_HEADER = YES;
				CLANG_WARN_RANGE_LOOP_ANALYSIS = YES;
				CLANG_WARN_STRICT_PROTOTYPES = YES;
				CLANG_WARN_SUSPICIOUS_MOVE = YES;
				CLANG_WARN_UNGUARDED_AVAILABILITY = YES_AGGRESSIVE;
				CLANG_WARN_UNREACHABLE_CODE = YES;
				CLANG_WARN__DUPLICATE_METHOD_MATCH = YES;
				COPY_PHASE_STRIP = NO;
				DEBUG_INFORMATION_FORMAT = dwarf;
				DEVELOPMENT_TEAM = "";
				ENABLE_STRICT_OBJC_MSGSEND = YES;
				ENABLE_TESTABILITY = YES;
				ENABLE_USER_SCRIPT_SANDBOXING = YES;
				GCC_C_LANGUAGE_STANDARD = gnu17;
				GCC_DYNAMIC_NO_PIC = NO;
				GCC_NO_COMMON_BLOCKS = YES;
				GCC_OPTIMIZATION_LEVEL = 0;
				GCC_PREPROCESSOR_DEFINITIONS = (
					"DEBUG=1",
					"$(inherited)",
				);
				GCC_WARN_64_TO_32_BIT_CONVERSION = YES;
				GCC_WARN_ABOUT_RETURN_TYPE = YES_ERROR;
				GCC_WARN_UNDECLARED_SELECTOR = YES;
				GCC_WARN_UNINITIALIZED_AUTOS = YES_AGGRESSIVE;
				GCC_WARN_UNUSED_FUNCTION = YES;
				GCC_WARN_UNUSED_VARIABLE = YES;
				LOCALIZATION_PREFERS_STRING_CATALOGS = YES;
				MTL_ENABLE_DEBUG_INFO = INCLUDE_SOURCE;
				MTL_FAST_MATH = YES;
				ONLY_ACTIVE_ARCH = YES;
				SWIFT_ACTIVE_COMPILATION_CONDITIONS = "DEBUG $(inherited)";
				SWIFT_OPTIMIZATION_LEVEL = "-Onone";
			};
			name = Debug;
		};
		E2B724542D0E856700863B36 /* Release */ = {
			isa = XCBuildConfiguration;
			buildSettings = {
				ALWAYS_SEARCH_USER_PATHS = NO;
				ASSETCATALOG_COMPILER_GENERATE_SWIFT_ASSET_SYMBOL_EXTENSIONS = YES;
				CLANG_ANALYZER_NONNULL = YES;
				CLANG_ANALYZER_NUMBER_OBJECT_CONVERSION = YES_AGGRESSIVE;
				CLANG_CXX_LANGUAGE_STANDARD = "gnu++20";
				CLANG_ENABLE_MODULES = YES;
				CLANG_ENABLE_OBJC_ARC = YES;
				CLANG_ENABLE_OBJC_WEAK = YES;
				CLANG_WARN_BLOCK_CAPTURE_AUTORELEASING = YES;
				CLANG_WARN_BOOL_CONVERSION = YES;
				CLANG_WARN_COMMA = YES;
				CLANG_WARN_CONSTANT_CONVERSION = YES;
				CLANG_WARN_DEPRECATED_OBJC_IMPLEMENTATIONS = YES;
				CLANG_WARN_DIRECT_OBJC_ISA_USAGE = YES_ERROR;
				CLANG_WARN_DOCUMENTATION_COMMENTS = YES;
				CLANG_WARN_EMPTY_BODY = YES;
				CLANG_WARN_ENUM_CONVERSION = YES;
				CLANG_WARN_INFINITE_RECURSION = YES;
				CLANG_WARN_INT_CONVERSION = YES;
				CLANG_WARN_NON_LITERAL_NULL_CONVERSION = YES;
				CLANG_WARN_OBJC_IMPLICIT_RETAIN_SELF = YES;
				CLANG_WARN_OBJC_LITERAL_CONVERSION = YES;
				CLANG_WARN_OBJC_ROOT_CLASS = YES_ERROR;
				CLANG_WARN_QUOTED_INCLUDE_IN_FRAMEWORK_HEADER = YES;
				CLANG_WARN_RANGE_LOOP_ANALYSIS = YES;
				CLANG_WARN_STRICT_PROTOTYPES = YES;
				CLANG_WARN_SUSPICIOUS_MOVE = YES;
				CLANG_WARN_UNGUARDED_AVAILABILITY = YES_AGGRESSIVE;
				CLANG_WARN_UNREACHABLE_CODE = YES;
				CLANG_WARN__DUPLICATE_METHOD_MATCH = YES;
				COPY_PHASE_STRIP = NO;
				DEBUG_INFORMATION_FORMAT = "dwarf-with-dsym";
				DEVELOPMENT_TEAM = "";
				ENABLE_NS_ASSERTIONS = NO;
				ENABLE_STRICT_OBJC_MSGSEND = YES;
				ENABLE_USER_SCRIPT_SANDBOXING = YES;
				GCC_C_LANGUAGE_STANDARD = gnu17;
				GCC_NO_COMMON_BLOCKS = YES;
				GCC_WARN_64_TO_32_BIT_CONVERSION = YES;
				GCC_WARN_ABOUT_RETURN_TYPE = YES_ERROR;
				GCC_WARN_UNDECLARED_SELECTOR = YES;
				GCC_WARN_UNINITIALIZED_AUTOS = YES_AGGRESSIVE;
				GCC_WARN_UNUSED_FUNCTION = YES;
				GCC_WARN_UNUSED_VARIABLE = YES;
				LOCALIZATION_PREFERS_STRING_CATALOGS = YES;
				MTL_ENABLE_DEBUG_INFO = NO;
				MTL_FAST_MATH = YES;
				SWIFT_COMPILATION_MODE = wholemodule;
			};
			name = Release;
		};
		E2B724562D0E856700863B36 /* Debug */ = {
			isa = XCBuildConfiguration;
			buildSettings = {
				ASSETCATALOG_COMPILER_APPICON_NAME = AppIcon;
				ASSETCATALOG_COMPILER_GLOBAL_ACCENT_COLOR_NAME = AccentColor;
				CODE_SIGN_ENTITLEMENTS = FetchIOSApprenticeshipAssesment/FetchIOSApprenticeshipAssesment.entitlements;
				CODE_SIGN_STYLE = Automatic;
				CURRENT_PROJECT_VERSION = 1;
				DEVELOPMENT_ASSET_PATHS = "\"FetchIOSApprenticeshipAssesment/Preview Content\"";
				ENABLE_PREVIEWS = YES;
				GENERATE_INFOPLIST_FILE = YES;
				"INFOPLIST_KEY_UIApplicationSceneManifest_Generation[sdk=iphoneos*]" = YES;
				"INFOPLIST_KEY_UIApplicationSceneManifest_Generation[sdk=iphonesimulator*]" = YES;
				"INFOPLIST_KEY_UIApplicationSupportsIndirectInputEvents[sdk=iphoneos*]" = YES;
				"INFOPLIST_KEY_UIApplicationSupportsIndirectInputEvents[sdk=iphonesimulator*]" = YES;
				"INFOPLIST_KEY_UILaunchScreen_Generation[sdk=iphoneos*]" = YES;
				"INFOPLIST_KEY_UILaunchScreen_Generation[sdk=iphonesimulator*]" = YES;
				"INFOPLIST_KEY_UIStatusBarStyle[sdk=iphoneos*]" = UIStatusBarStyleDefault;
				"INFOPLIST_KEY_UIStatusBarStyle[sdk=iphonesimulator*]" = UIStatusBarStyleDefault;
				INFOPLIST_KEY_UISupportedInterfaceOrientations_iPad = "UIInterfaceOrientationPortrait UIInterfaceOrientationPortraitUpsideDown UIInterfaceOrientationLandscapeLeft UIInterfaceOrientationLandscapeRight";
				INFOPLIST_KEY_UISupportedInterfaceOrientations_iPhone = "UIInterfaceOrientationPortrait UIInterfaceOrientationLandscapeLeft UIInterfaceOrientationLandscapeRight";
				IPHONEOS_DEPLOYMENT_TARGET = 17.6;
				LD_RUNPATH_SEARCH_PATHS = "@executable_path/Frameworks";
				"LD_RUNPATH_SEARCH_PATHS[sdk=macosx*]" = "@executable_path/../Frameworks";
				MACOSX_DEPLOYMENT_TARGET = 15.0;
				MARKETING_VERSION = 1.0;
				PRODUCT_BUNDLE_IDENTIFIER = abc.FetchIOSApprenticeshipAssesment;
				PRODUCT_NAME = "$(TARGET_NAME)";
				SDKROOT = auto;
				SUPPORTED_PLATFORMS = "iphoneos iphonesimulator macosx xros xrsimulator";
				SWIFT_EMIT_LOC_STRINGS = YES;
				SWIFT_VERSION = 5.0;
				TARGETED_DEVICE_FAMILY = "1,2,7";
				XROS_DEPLOYMENT_TARGET = 2.0;
			};
			name = Debug;
		};
		E2B724572D0E856700863B36 /* Release */ = {
			isa = XCBuildConfiguration;
			buildSettings = {
				ASSETCATALOG_COMPILER_APPICON_NAME = AppIcon;
				ASSETCATALOG_COMPILER_GLOBAL_ACCENT_COLOR_NAME = AccentColor;
				CODE_SIGN_ENTITLEMENTS = FetchIOSApprenticeshipAssesment/FetchIOSApprenticeshipAssesment.entitlements;
				CODE_SIGN_STYLE = Automatic;
				CURRENT_PROJECT_VERSION = 1;
				DEVELOPMENT_ASSET_PATHS = "\"FetchIOSApprenticeshipAssesment/Preview Content\"";
				ENABLE_PREVIEWS = YES;
				GENERATE_INFOPLIST_FILE = YES;
				"INFOPLIST_KEY_UIApplicationSceneManifest_Generation[sdk=iphoneos*]" = YES;
				"INFOPLIST_KEY_UIApplicationSceneManifest_Generation[sdk=iphonesimulator*]" = YES;
				"INFOPLIST_KEY_UIApplicationSupportsIndirectInputEvents[sdk=iphoneos*]" = YES;
				"INFOPLIST_KEY_UIApplicationSupportsIndirectInputEvents[sdk=iphonesimulator*]" = YES;
				"INFOPLIST_KEY_UILaunchScreen_Generation[sdk=iphoneos*]" = YES;
				"INFOPLIST_KEY_UILaunchScreen_Generation[sdk=iphonesimulator*]" = YES;
				"INFOPLIST_KEY_UIStatusBarStyle[sdk=iphoneos*]" = UIStatusBarStyleDefault;
				"INFOPLIST_KEY_UIStatusBarStyle[sdk=iphonesimulator*]" = UIStatusBarStyleDefault;
				INFOPLIST_KEY_UISupportedInterfaceOrientations_iPad = "UIInterfaceOrientationPortrait UIInterfaceOrientationPortraitUpsideDown UIInterfaceOrientationLandscapeLeft UIInterfaceOrientationLandscapeRight";
				INFOPLIST_KEY_UISupportedInterfaceOrientations_iPhone = "UIInterfaceOrientationPortrait UIInterfaceOrientationLandscapeLeft UIInterfaceOrientationLandscapeRight";
				IPHONEOS_DEPLOYMENT_TARGET = 17.6;
				LD_RUNPATH_SEARCH_PATHS = "@executable_path/Frameworks";
				"LD_RUNPATH_SEARCH_PATHS[sdk=macosx*]" = "@executable_path/../Frameworks";
				MACOSX_DEPLOYMENT_TARGET = 15.0;
				MARKETING_VERSION = 1.0;
				PRODUCT_BUNDLE_IDENTIFIER = abc.FetchIOSApprenticeshipAssesment;
				PRODUCT_NAME = "$(TARGET_NAME)";
				SDKROOT = auto;
				SUPPORTED_PLATFORMS = "iphoneos iphonesimulator macosx xros xrsimulator";
				SWIFT_EMIT_LOC_STRINGS = YES;
				SWIFT_VERSION = 5.0;
				TARGETED_DEVICE_FAMILY = "1,2,7";
				XROS_DEPLOYMENT_TARGET = 2.0;
			};
			name = Release;
		};
		E2B724592D0E856700863B36 /* Debug */ = {
			isa = XCBuildConfiguration;
			buildSettings = {
				BUNDLE_LOADER = "$(TEST_HOST)";
				CODE_SIGN_STYLE = Automatic;
				CURRENT_PROJECT_VERSION = 1;
				GENERATE_INFOPLIST_FILE = YES;
				IPHONEOS_DEPLOYMENT_TARGET = 18.0;
				MACOSX_DEPLOYMENT_TARGET = 15.0;
				MARKETING_VERSION = 1.0;
				PRODUCT_BUNDLE_IDENTIFIER = abc.FetchIOSApprenticeshipAssesmentTests;
				PRODUCT_NAME = "$(TARGET_NAME)";
				SDKROOT = auto;
				SUPPORTED_PLATFORMS = "iphoneos iphonesimulator macosx xros xrsimulator";
				SWIFT_EMIT_LOC_STRINGS = NO;
				SWIFT_VERSION = 5.0;
				TARGETED_DEVICE_FAMILY = "1,2,7";
				TEST_HOST = "$(BUILT_PRODUCTS_DIR)/FetchIOSApprenticeshipAssesment.app/$(BUNDLE_EXECUTABLE_FOLDER_PATH)/FetchIOSApprenticeshipAssesment";
				XROS_DEPLOYMENT_TARGET = 2.0;
			};
			name = Debug;
		};
		E2B7245A2D0E856700863B36 /* Release */ = {
			isa = XCBuildConfiguration;
			buildSettings = {
				BUNDLE_LOADER = "$(TEST_HOST)";
				CODE_SIGN_STYLE = Automatic;
				CURRENT_PROJECT_VERSION = 1;
				GENERATE_INFOPLIST_FILE = YES;
				IPHONEOS_DEPLOYMENT_TARGET = 18.0;
				MACOSX_DEPLOYMENT_TARGET = 15.0;
				MARKETING_VERSION = 1.0;
				PRODUCT_BUNDLE_IDENTIFIER = abc.FetchIOSApprenticeshipAssesmentTests;
				PRODUCT_NAME = "$(TARGET_NAME)";
				SDKROOT = auto;
				SUPPORTED_PLATFORMS = "iphoneos iphonesimulator macosx xros xrsimulator";
				SWIFT_EMIT_LOC_STRINGS = NO;
				SWIFT_VERSION = 5.0;
				TARGETED_DEVICE_FAMILY = "1,2,7";
				TEST_HOST = "$(BUILT_PRODUCTS_DIR)/FetchIOSApprenticeshipAssesment.app/$(BUNDLE_EXECUTABLE_FOLDER_PATH)/FetchIOSApprenticeshipAssesment";
				XROS_DEPLOYMENT_TARGET = 2.0;
			};
			name = Release;
		};
		E2B7245C2D0E856700863B36 /* Debug */ = {
			isa = XCBuildConfiguration;
			buildSettings = {
				CODE_SIGN_STYLE = Automatic;
				CURRENT_PROJECT_VERSION = 1;
				GENERATE_INFOPLIST_FILE = YES;
				IPHONEOS_DEPLOYMENT_TARGET = 18.0;
				MACOSX_DEPLOYMENT_TARGET = 15.0;
				MARKETING_VERSION = 1.0;
				PRODUCT_BUNDLE_IDENTIFIER = abc.FetchIOSApprenticeshipAssesmentUITests;
				PRODUCT_NAME = "$(TARGET_NAME)";
				SDKROOT = auto;
				SUPPORTED_PLATFORMS = "iphoneos iphonesimulator macosx xros xrsimulator";
				SWIFT_EMIT_LOC_STRINGS = NO;
				SWIFT_VERSION = 5.0;
				TARGETED_DEVICE_FAMILY = "1,2,7";
				TEST_TARGET_NAME = FetchIOSApprenticeshipAssesment;
				XROS_DEPLOYMENT_TARGET = 2.0;
			};
			name = Debug;
		};
		E2B7245D2D0E856700863B36 /* Release */ = {
			isa = XCBuildConfiguration;
			buildSettings = {
				CODE_SIGN_STYLE = Automatic;
				CURRENT_PROJECT_VERSION = 1;
				GENERATE_INFOPLIST_FILE = YES;
				IPHONEOS_DEPLOYMENT_TARGET = 18.0;
				MACOSX_DEPLOYMENT_TARGET = 15.0;
				MARKETING_VERSION = 1.0;
				PRODUCT_BUNDLE_IDENTIFIER = abc.FetchIOSApprenticeshipAssesmentUITests;
				PRODUCT_NAME = "$(TARGET_NAME)";
				SDKROOT = auto;
				SUPPORTED_PLATFORMS = "iphoneos iphonesimulator macosx xros xrsimulator";
				SWIFT_EMIT_LOC_STRINGS = NO;
				SWIFT_VERSION = 5.0;
				TARGETED_DEVICE_FAMILY = "1,2,7";
				TEST_TARGET_NAME = FetchIOSApprenticeshipAssesment;
				XROS_DEPLOYMENT_TARGET = 2.0;
			};
			name = Release;
		};
/* End XCBuildConfiguration section */

/* Begin XCConfigurationList section */
		E2B7242B2D0E856500863B36 /* Build configuration list for PBXProject "FetchIOSApprenticeshipAssesment" */ = {
			isa = XCConfigurationList;
			buildConfigurations = (
				E2B724532D0E856700863B36 /* Debug */,
				E2B724542D0E856700863B36 /* Release */,
			);
			defaultConfigurationIsVisible = 0;
			defaultConfigurationName = Release;
		};
		E2B724552D0E856700863B36 /* Build configuration list for PBXNativeTarget "FetchIOSApprenticeshipAssesment" */ = {
			isa = XCConfigurationList;
			buildConfigurations = (
				E2B724562D0E856700863B36 /* Debug */,
				E2B724572D0E856700863B36 /* Release */,
			);
			defaultConfigurationIsVisible = 0;
			defaultConfigurationName = Release;
		};
		E2B724582D0E856700863B36 /* Build configuration list for PBXNativeTarget "FetchIOSApprenticeshipAssesmentTests" */ = {
			isa = XCConfigurationList;
			buildConfigurations = (
				E2B724592D0E856700863B36 /* Debug */,
				E2B7245A2D0E856700863B36 /* Release */,
			);
			defaultConfigurationIsVisible = 0;
			defaultConfigurationName = Release;
		};
		E2B7245B2D0E856700863B36 /* Build configuration list for PBXNativeTarget "FetchIOSApprenticeshipAssesmentUITests" */ = {
			isa = XCConfigurationList;
			buildConfigurations = (
				E2B7245C2D0E856700863B36 /* Debug */,
				E2B7245D2D0E856700863B36 /* Release */,
			);
			defaultConfigurationIsVisible = 0;
			defaultConfigurationName = Release;
		};
/* End XCConfigurationList section */
	};
	rootObject = E2B724282D0E856500863B36 /* Project object */;
}
